// !$*UTF8*$!
{
	archiveVersion = 1;
	classes = {
	};
	objectVersion = 56;
	objects = {

/* Begin PBXBuildFile section */
		AD0270BE2B26200000E5DD1F /* HomeWork4.swift in Sources */ = {isa = PBXBuildFile; fileRef = AD0270BD2B26200000E5DD1F /* HomeWork4.swift */; };
		AD0270C02B26319B00E5DD1F /* HelperMethods.swift in Sources */ = {isa = PBXBuildFile; fileRef = AD0270BF2B26319B00E5DD1F /* HelperMethods.swift */; };
		AD29578C2B0F0F8100AAF3AF /* AppDelegate.swift in Sources */ = {isa = PBXBuildFile; fileRef = AD29578B2B0F0F8100AAF3AF /* AppDelegate.swift */; };
		AD29578E2B0F0F8100AAF3AF /* SceneDelegate.swift in Sources */ = {isa = PBXBuildFile; fileRef = AD29578D2B0F0F8100AAF3AF /* SceneDelegate.swift */; };
		AD2957902B0F0F8100AAF3AF /* HomeWork1.swift in Sources */ = {isa = PBXBuildFile; fileRef = AD29578F2B0F0F8100AAF3AF /* HomeWork1.swift */; };
		AD2957932B0F0F8100AAF3AF /* Main.storyboard in Resources */ = {isa = PBXBuildFile; fileRef = AD2957912B0F0F8100AAF3AF /* Main.storyboard */; };
		AD2957952B0F0F8200AAF3AF /* Assets.xcassets in Resources */ = {isa = PBXBuildFile; fileRef = AD2957942B0F0F8200AAF3AF /* Assets.xcassets */; };
		AD2957982B0F0F8200AAF3AF /* LaunchScreen.storyboard in Resources */ = {isa = PBXBuildFile; fileRef = AD2957962B0F0F8200AAF3AF /* LaunchScreen.storyboard */; };
		AD6ED16D2B2257CB00E0B81B /* BookEnum.swift in Sources */ = {isa = PBXBuildFile; fileRef = AD6ED16C2B2257CB00E0B81B /* BookEnum.swift */; };
		AD6ED16F2B2260DD00E0B81B /* ClothesEnums.swift in Sources */ = {isa = PBXBuildFile; fileRef = AD6ED16E2B2260DD00E0B81B /* ClothesEnums.swift */; };
		ADB21E012B18988900AC8342 /* HomeWork2.swift in Sources */ = {isa = PBXBuildFile; fileRef = ADB21E002B18988900AC8342 /* HomeWork2.swift */; };
		ADD4EA0E2B2A296600DF0CD1 /* HomeWork5.swift in Sources */ = {isa = PBXBuildFile; fileRef = ADD4EA0D2B2A296600DF0CD1 /* HomeWork5.swift */; };
		ADD4EA102B2A2ABF00DF0CD1 /* Student.swift in Sources */ = {isa = PBXBuildFile; fileRef = ADD4EA0F2B2A2ABF00DF0CD1 /* Student.swift */; };
		ADD4EA122B2A2B3F00DF0CD1 /* SubjectStudent.swift in Sources */ = {isa = PBXBuildFile; fileRef = ADD4EA112B2A2B3F00DF0CD1 /* SubjectStudent.swift */; };
		ADD4EA142B2A2B4D00DF0CD1 /* Teacher.swift in Sources */ = {isa = PBXBuildFile; fileRef = ADD4EA132B2A2B4D00DF0CD1 /* Teacher.swift */; };
		ADD4EA182B2A3B4900DF0CD1 /* GradeEnum.swift in Sources */ = {isa = PBXBuildFile; fileRef = ADD4EA172B2A3B4900DF0CD1 /* GradeEnum.swift */; };
		ADD4EA1A2B2AD36900DF0CD1 /* SubjectTeacher.swift in Sources */ = {isa = PBXBuildFile; fileRef = ADD4EA192B2AD36900DF0CD1 /* SubjectTeacher.swift */; };
		ADDFAE332B1F76ED003A2EEA /* HomeWork3.swift in Sources */ = {isa = PBXBuildFile; fileRef = ADDFAE322B1F76ED003A2EEA /* HomeWork3.swift */; };
/* End PBXBuildFile section */

/* Begin PBXFileReference section */
		AD0270BD2B26200000E5DD1F /* HomeWork4.swift */ = {isa = PBXFileReference; lastKnownFileType = sourcecode.swift; path = HomeWork4.swift; sourceTree = "<group>"; };
		AD0270BF2B26319B00E5DD1F /* HelperMethods.swift */ = {isa = PBXFileReference; lastKnownFileType = sourcecode.swift; path = HelperMethods.swift; sourceTree = "<group>"; };
		AD2957882B0F0F8100AAF3AF /* TMS_IOS_hw1.app */ = {isa = PBXFileReference; explicitFileType = wrapper.application; includeInIndex = 0; path = TMS_IOS_hw1.app; sourceTree = BUILT_PRODUCTS_DIR; };
		AD29578B2B0F0F8100AAF3AF /* AppDelegate.swift */ = {isa = PBXFileReference; lastKnownFileType = sourcecode.swift; path = AppDelegate.swift; sourceTree = "<group>"; };
		AD29578D2B0F0F8100AAF3AF /* SceneDelegate.swift */ = {isa = PBXFileReference; lastKnownFileType = sourcecode.swift; path = SceneDelegate.swift; sourceTree = "<group>"; };
		AD29578F2B0F0F8100AAF3AF /* HomeWork1.swift */ = {isa = PBXFileReference; lastKnownFileType = sourcecode.swift; path = HomeWork1.swift; sourceTree = "<group>"; };
		AD2957922B0F0F8100AAF3AF /* Base */ = {isa = PBXFileReference; lastKnownFileType = file.storyboard; name = Base; path = Base.lproj/Main.storyboard; sourceTree = "<group>"; };
		AD2957942B0F0F8200AAF3AF /* Assets.xcassets */ = {isa = PBXFileReference; lastKnownFileType = folder.assetcatalog; path = Assets.xcassets; sourceTree = "<group>"; };
		AD2957972B0F0F8200AAF3AF /* Base */ = {isa = PBXFileReference; lastKnownFileType = file.storyboard; name = Base; path = Base.lproj/LaunchScreen.storyboard; sourceTree = "<group>"; };
		AD2957992B0F0F8200AAF3AF /* Info.plist */ = {isa = PBXFileReference; lastKnownFileType = text.plist.xml; path = Info.plist; sourceTree = "<group>"; };
		AD6ED16C2B2257CB00E0B81B /* BookEnum.swift */ = {isa = PBXFileReference; lastKnownFileType = sourcecode.swift; path = BookEnum.swift; sourceTree = "<group>"; };
		AD6ED16E2B2260DD00E0B81B /* ClothesEnums.swift */ = {isa = PBXFileReference; lastKnownFileType = sourcecode.swift; path = ClothesEnums.swift; sourceTree = "<group>"; };
		ADB21E002B18988900AC8342 /* HomeWork2.swift */ = {isa = PBXFileReference; lastKnownFileType = sourcecode.swift; path = HomeWork2.swift; sourceTree = "<group>"; };
		ADD4EA0D2B2A296600DF0CD1 /* HomeWork5.swift */ = {isa = PBXFileReference; lastKnownFileType = sourcecode.swift; path = HomeWork5.swift; sourceTree = "<group>"; };
		ADD4EA0F2B2A2ABF00DF0CD1 /* Student.swift */ = {isa = PBXFileReference; lastKnownFileType = sourcecode.swift; path = Student.swift; sourceTree = "<group>"; };
		ADD4EA112B2A2B3F00DF0CD1 /* SubjectStudent.swift */ = {isa = PBXFileReference; lastKnownFileType = sourcecode.swift; path = SubjectStudent.swift; sourceTree = "<group>"; };
		ADD4EA132B2A2B4D00DF0CD1 /* Teacher.swift */ = {isa = PBXFileReference; lastKnownFileType = sourcecode.swift; path = Teacher.swift; sourceTree = "<group>"; };
		ADD4EA172B2A3B4900DF0CD1 /* GradeEnum.swift */ = {isa = PBXFileReference; lastKnownFileType = sourcecode.swift; path = GradeEnum.swift; sourceTree = "<group>"; };
		ADD4EA192B2AD36900DF0CD1 /* SubjectTeacher.swift */ = {isa = PBXFileReference; lastKnownFileType = sourcecode.swift; path = SubjectTeacher.swift; sourceTree = "<group>"; };
		ADDFAE322B1F76ED003A2EEA /* HomeWork3.swift */ = {isa = PBXFileReference; lastKnownFileType = sourcecode.swift; path = HomeWork3.swift; sourceTree = "<group>"; };
/* End PBXFileReference section */

/* Begin PBXFrameworksBuildPhase section */
		AD2957852B0F0F8100AAF3AF /* Frameworks */ = {
			isa = PBXFrameworksBuildPhase;
			buildActionMask = 2147483647;
			files = (
			);
			runOnlyForDeploymentPostprocessing = 0;
		};
/* End PBXFrameworksBuildPhase section */

/* Begin PBXGroup section */
		AD0270BC2B261FE100E5DD1F /* TMSHw4 */ = {
			isa = PBXGroup;
			children = (
				AD0270BD2B26200000E5DD1F /* HomeWork4.swift */,
				AD0270BF2B26319B00E5DD1F /* HelperMethods.swift */,
			);
			path = TMSHw4;
			sourceTree = "<group>";
		};
		AD29577F2B0F0F8100AAF3AF = {
			isa = PBXGroup;
			children = (
				ADD4EA0C2B2A294E00DF0CD1 /* TMSHw5 */,
				ADB21E022B1898D200AC8342 /* Main Folder */,
				AD0270BC2B261FE100E5DD1F /* TMSHw4 */,
				ADDFAE312B1F756B003A2EEA /* TMSHw3 */,
				ADB21DFF2B18987000AC8342 /* TMSHw2 */,
				AD29578A2B0F0F8100AAF3AF /* TMSHw1 */,
				AD2957892B0F0F8100AAF3AF /* Products */,
			);
			sourceTree = "<group>";
		};
		AD2957892B0F0F8100AAF3AF /* Products */ = {
			isa = PBXGroup;
			children = (
				AD2957882B0F0F8100AAF3AF /* TMS_IOS_hw1.app */,
			);
			name = Products;
			sourceTree = "<group>";
		};
		AD29578A2B0F0F8100AAF3AF /* TMSHw1 */ = {
			isa = PBXGroup;
			children = (
				AD29578F2B0F0F8100AAF3AF /* HomeWork1.swift */,
			);
			path = TMSHw1;
			sourceTree = "<group>";
		};
		ADB21DFF2B18987000AC8342 /* TMSHw2 */ = {
			isa = PBXGroup;
			children = (
				ADB21E002B18988900AC8342 /* HomeWork2.swift */,
			);
			path = TMSHw2;
			sourceTree = "<group>";
		};
		ADB21E022B1898D200AC8342 /* Main Folder */ = {
			isa = PBXGroup;
			children = (
				AD2957992B0F0F8200AAF3AF /* Info.plist */,
				AD2957942B0F0F8200AAF3AF /* Assets.xcassets */,
				AD29578D2B0F0F8100AAF3AF /* SceneDelegate.swift */,
				AD2957912B0F0F8100AAF3AF /* Main.storyboard */,
				AD29578B2B0F0F8100AAF3AF /* AppDelegate.swift */,
				AD2957962B0F0F8200AAF3AF /* LaunchScreen.storyboard */,
			);
			path = "Main Folder";
			sourceTree = "<group>";
		};
		ADD4EA0C2B2A294E00DF0CD1 /* TMSHw5 */ = {
			isa = PBXGroup;
			children = (
				ADD4EA0D2B2A296600DF0CD1 /* HomeWork5.swift */,
				ADD4EA0F2B2A2ABF00DF0CD1 /* Student.swift */,
				ADD4EA132B2A2B4D00DF0CD1 /* Teacher.swift */,
				ADD4EA112B2A2B3F00DF0CD1 /* SubjectStudent.swift */,
				ADD4EA172B2A3B4900DF0CD1 /* GradeEnum.swift */,
				ADD4EA192B2AD36900DF0CD1 /* SubjectTeacher.swift */,
			);
			path = TMSHw5;
			sourceTree = "<group>";
		};
		ADDFAE312B1F756B003A2EEA /* TMSHw3 */ = {
			isa = PBXGroup;
			children = (
				ADDFAE322B1F76ED003A2EEA /* HomeWork3.swift */,
				AD6ED16C2B2257CB00E0B81B /* BookEnum.swift */,
				AD6ED16E2B2260DD00E0B81B /* ClothesEnums.swift */,
			);
			path = TMSHw3;
			sourceTree = "<group>";
		};
/* End PBXGroup section */

/* Begin PBXNativeTarget section */
		AD2957872B0F0F8100AAF3AF /* TMS_IOS_hw1 */ = {
			isa = PBXNativeTarget;
			buildConfigurationList = AD29579C2B0F0F8200AAF3AF /* Build configuration list for PBXNativeTarget "TMS_IOS_hw1" */;
			buildPhases = (
				AD2957842B0F0F8100AAF3AF /* Sources */,
				AD2957852B0F0F8100AAF3AF /* Frameworks */,
				AD2957862B0F0F8100AAF3AF /* Resources */,
			);
			buildRules = (
			);
			dependencies = (
			);
			name = TMS_IOS_hw1;
			productName = TMS_IOS_hw1;
			productReference = AD2957882B0F0F8100AAF3AF /* TMS_IOS_hw1.app */;
			productType = "com.apple.product-type.application";
		};
/* End PBXNativeTarget section */

/* Begin PBXProject section */
		AD2957802B0F0F8100AAF3AF /* Project object */ = {
			isa = PBXProject;
			attributes = {
				BuildIndependentTargetsInParallel = 1;
				LastSwiftUpdateCheck = 1430;
				LastUpgradeCheck = 1500;
				TargetAttributes = {
					AD2957872B0F0F8100AAF3AF = {
						CreatedOnToolsVersion = 14.3;
					};
				};
			};
			buildConfigurationList = AD2957832B0F0F8100AAF3AF /* Build configuration list for PBXProject "TMS-IOS-Homeworks" */;
			compatibilityVersion = "Xcode 14.0";
			developmentRegion = en;
			hasScannedForEncodings = 0;
			knownRegions = (
				en,
				Base,
			);
			mainGroup = AD29577F2B0F0F8100AAF3AF;
			productRefGroup = AD2957892B0F0F8100AAF3AF /* Products */;
			projectDirPath = "";
			projectRoot = "";
			targets = (
				AD2957872B0F0F8100AAF3AF /* TMS_IOS_hw1 */,
			);
		};
/* End PBXProject section */

/* Begin PBXResourcesBuildPhase section */
		AD2957862B0F0F8100AAF3AF /* Resources */ = {
			isa = PBXResourcesBuildPhase;
			buildActionMask = 2147483647;
			files = (
				AD2957982B0F0F8200AAF3AF /* LaunchScreen.storyboard in Resources */,
				AD2957952B0F0F8200AAF3AF /* Assets.xcassets in Resources */,
				AD2957932B0F0F8100AAF3AF /* Main.storyboard in Resources */,
			);
			runOnlyForDeploymentPostprocessing = 0;
		};
/* End PBXResourcesBuildPhase section */

/* Begin PBXSourcesBuildPhase section */
		AD2957842B0F0F8100AAF3AF /* Sources */ = {
			isa = PBXSourcesBuildPhase;
			buildActionMask = 2147483647;
			files = (
				ADB21E012B18988900AC8342 /* HomeWork2.swift in Sources */,
				AD6ED16F2B2260DD00E0B81B /* ClothesEnums.swift in Sources */,
				AD0270BE2B26200000E5DD1F /* HomeWork4.swift in Sources */,
				ADD4EA102B2A2ABF00DF0CD1 /* Student.swift in Sources */,
				ADD4EA142B2A2B4D00DF0CD1 /* Teacher.swift in Sources */,
				ADD4EA122B2A2B3F00DF0CD1 /* SubjectStudent.swift in Sources */,
				AD6ED16D2B2257CB00E0B81B /* BookEnum.swift in Sources */,
				ADDFAE332B1F76ED003A2EEA /* HomeWork3.swift in Sources */,
				AD0270C02B26319B00E5DD1F /* HelperMethods.swift in Sources */,
				AD2957902B0F0F8100AAF3AF /* HomeWork1.swift in Sources */,
				ADD4EA0E2B2A296600DF0CD1 /* HomeWork5.swift in Sources */,
				AD29578C2B0F0F8100AAF3AF /* AppDelegate.swift in Sources */,
				ADD4EA182B2A3B4900DF0CD1 /* GradeEnum.swift in Sources */,
				AD29578E2B0F0F8100AAF3AF /* SceneDelegate.swift in Sources */,
				ADD4EA1A2B2AD36900DF0CD1 /* SubjectTeacher.swift in Sources */,
			);
			runOnlyForDeploymentPostprocessing = 0;
		};
/* End PBXSourcesBuildPhase section */

/* Begin PBXVariantGroup section */
		AD2957912B0F0F8100AAF3AF /* Main.storyboard */ = {
			isa = PBXVariantGroup;
			children = (
				AD2957922B0F0F8100AAF3AF /* Base */,
			);
			name = Main.storyboard;
			sourceTree = "<group>";
		};
		AD2957962B0F0F8200AAF3AF /* LaunchScreen.storyboard */ = {
			isa = PBXVariantGroup;
			children = (
				AD2957972B0F0F8200AAF3AF /* Base */,
			);
			name = LaunchScreen.storyboard;
			sourceTree = "<group>";
		};
/* End PBXVariantGroup section */

/* Begin XCBuildConfiguration section */
		AD29579A2B0F0F8200AAF3AF /* Debug */ = {
			isa = XCBuildConfiguration;
			buildSettings = {
				ALWAYS_SEARCH_USER_PATHS = NO;
				CLANG_ANALYZER_NONNULL = YES;
				CLANG_ANALYZER_NUMBER_OBJECT_CONVERSION = YES_AGGRESSIVE;
				CLANG_CXX_LANGUAGE_STANDARD = "gnu++20";
				CLANG_ENABLE_MODULES = YES;
				CLANG_ENABLE_OBJC_ARC = YES;
				CLANG_ENABLE_OBJC_WEAK = YES;
				CLANG_WARN_BLOCK_CAPTURE_AUTORELEASING = YES;
				CLANG_WARN_BOOL_CONVERSION = YES;
				CLANG_WARN_COMMA = YES;
				CLANG_WARN_CONSTANT_CONVERSION = YES;
				CLANG_WARN_DEPRECATED_OBJC_IMPLEMENTATIONS = YES;
				CLANG_WARN_DIRECT_OBJC_ISA_USAGE = YES_ERROR;
				CLANG_WARN_DOCUMENTATION_COMMENTS = YES;
				CLANG_WARN_EMPTY_BODY = YES;
				CLANG_WARN_ENUM_CONVERSION = YES;
				CLANG_WARN_INFINITE_RECURSION = YES;
				CLANG_WARN_INT_CONVERSION = YES;
				CLANG_WARN_NON_LITERAL_NULL_CONVERSION = YES;
				CLANG_WARN_OBJC_IMPLICIT_RETAIN_SELF = YES;
				CLANG_WARN_OBJC_LITERAL_CONVERSION = YES;
				CLANG_WARN_OBJC_ROOT_CLASS = YES_ERROR;
				CLANG_WARN_QUOTED_INCLUDE_IN_FRAMEWORK_HEADER = YES;
				CLANG_WARN_RANGE_LOOP_ANALYSIS = YES;
				CLANG_WARN_STRICT_PROTOTYPES = YES;
				CLANG_WARN_SUSPICIOUS_MOVE = YES;
				CLANG_WARN_UNGUARDED_AVAILABILITY = YES_AGGRESSIVE;
				CLANG_WARN_UNREACHABLE_CODE = YES;
				CLANG_WARN__DUPLICATE_METHOD_MATCH = YES;
				COPY_PHASE_STRIP = NO;
				DEBUG_INFORMATION_FORMAT = dwarf;
				ENABLE_STRICT_OBJC_MSGSEND = YES;
				ENABLE_TESTABILITY = YES;
				ENABLE_USER_SCRIPT_SANDBOXING = YES;
				GCC_C_LANGUAGE_STANDARD = gnu11;
				GCC_DYNAMIC_NO_PIC = NO;
				GCC_NO_COMMON_BLOCKS = YES;
				GCC_OPTIMIZATION_LEVEL = 0;
				GCC_PREPROCESSOR_DEFINITIONS = (
					"DEBUG=1",
					"$(inherited)",
				);
				GCC_WARN_64_TO_32_BIT_CONVERSION = YES;
				GCC_WARN_ABOUT_RETURN_TYPE = YES_ERROR;
				GCC_WARN_UNDECLARED_SELECTOR = YES;
				GCC_WARN_UNINITIALIZED_AUTOS = YES_AGGRESSIVE;
				GCC_WARN_UNUSED_FUNCTION = YES;
				GCC_WARN_UNUSED_VARIABLE = YES;
				IPHONEOS_DEPLOYMENT_TARGET = 16.4;
				MTL_ENABLE_DEBUG_INFO = INCLUDE_SOURCE;
				MTL_FAST_MATH = YES;
				ONLY_ACTIVE_ARCH = YES;
				SDKROOT = iphoneos;
				SWIFT_ACTIVE_COMPILATION_CONDITIONS = DEBUG;
				SWIFT_OPTIMIZATION_LEVEL = "-Onone";
			};
			name = Debug;
		};
		AD29579B2B0F0F8200AAF3AF /* Release */ = {
			isa = XCBuildConfiguration;
			buildSettings = {
				ALWAYS_SEARCH_USER_PATHS = NO;
				CLANG_ANALYZER_NONNULL = YES;
				CLANG_ANALYZER_NUMBER_OBJECT_CONVERSION = YES_AGGRESSIVE;
				CLANG_CXX_LANGUAGE_STANDARD = "gnu++20";
				CLANG_ENABLE_MODULES = YES;
				CLANG_ENABLE_OBJC_ARC = YES;
				CLANG_ENABLE_OBJC_WEAK = YES;
				CLANG_WARN_BLOCK_CAPTURE_AUTORELEASING = YES;
				CLANG_WARN_BOOL_CONVERSION = YES;
				CLANG_WARN_COMMA = YES;
				CLANG_WARN_CONSTANT_CONVERSION = YES;
				CLANG_WARN_DEPRECATED_OBJC_IMPLEMENTATIONS = YES;
				CLANG_WARN_DIRECT_OBJC_ISA_USAGE = YES_ERROR;
				CLANG_WARN_DOCUMENTATION_COMMENTS = YES;
				CLANG_WARN_EMPTY_BODY = YES;
				CLANG_WARN_ENUM_CONVERSION = YES;
				CLANG_WARN_INFINITE_RECURSION = YES;
				CLANG_WARN_INT_CONVERSION = YES;
				CLANG_WARN_NON_LITERAL_NULL_CONVERSION = YES;
				CLANG_WARN_OBJC_IMPLICIT_RETAIN_SELF = YES;
				CLANG_WARN_OBJC_LITERAL_CONVERSION = YES;
				CLANG_WARN_OBJC_ROOT_CLASS = YES_ERROR;
				CLANG_WARN_QUOTED_INCLUDE_IN_FRAMEWORK_HEADER = YES;
				CLANG_WARN_RANGE_LOOP_ANALYSIS = YES;
				CLANG_WARN_STRICT_PROTOTYPES = YES;
				CLANG_WARN_SUSPICIOUS_MOVE = YES;
				CLANG_WARN_UNGUARDED_AVAILABILITY = YES_AGGRESSIVE;
				CLANG_WARN_UNREACHABLE_CODE = YES;
				CLANG_WARN__DUPLICATE_METHOD_MATCH = YES;
				COPY_PHASE_STRIP = NO;
				DEBUG_INFORMATION_FORMAT = "dwarf-with-dsym";
				ENABLE_NS_ASSERTIONS = NO;
				ENABLE_STRICT_OBJC_MSGSEND = YES;
				ENABLE_USER_SCRIPT_SANDBOXING = YES;
				GCC_C_LANGUAGE_STANDARD = gnu11;
				GCC_NO_COMMON_BLOCKS = YES;
				GCC_WARN_64_TO_32_BIT_CONVERSION = YES;
				GCC_WARN_ABOUT_RETURN_TYPE = YES_ERROR;
				GCC_WARN_UNDECLARED_SELECTOR = YES;
				GCC_WARN_UNINITIALIZED_AUTOS = YES_AGGRESSIVE;
				GCC_WARN_UNUSED_FUNCTION = YES;
				GCC_WARN_UNUSED_VARIABLE = YES;
				IPHONEOS_DEPLOYMENT_TARGET = 16.4;
				MTL_ENABLE_DEBUG_INFO = NO;
				MTL_FAST_MATH = YES;
				SDKROOT = iphoneos;
				SWIFT_COMPILATION_MODE = wholemodule;
				SWIFT_OPTIMIZATION_LEVEL = "-O";
				VALIDATE_PRODUCT = YES;
			};
			name = Release;
		};
		AD29579D2B0F0F8200AAF3AF /* Debug */ = {
			isa = XCBuildConfiguration;
			buildSettings = {
				ASSETCATALOG_COMPILER_APPICON_NAME = AppIcon;
				ASSETCATALOG_COMPILER_GLOBAL_ACCENT_COLOR_NAME = AccentColor;
				CODE_SIGN_STYLE = Automatic;
				CURRENT_PROJECT_VERSION = 1;
				GENERATE_INFOPLIST_FILE = YES;
				INFOPLIST_FILE = "Main Folder/Info.plist";
				INFOPLIST_KEY_UIApplicationSupportsIndirectInputEvents = YES;
				INFOPLIST_KEY_UILaunchStoryboardName = LaunchScreen;
				INFOPLIST_KEY_UIMainStoryboardFile = Main;
				INFOPLIST_KEY_UISupportedInterfaceOrientations_iPad = "UIInterfaceOrientationPortrait UIInterfaceOrientationPortraitUpsideDown UIInterfaceOrientationLandscapeLeft UIInterfaceOrientationLandscapeRight";
				INFOPLIST_KEY_UISupportedInterfaceOrientations_iPhone = "UIInterfaceOrientationPortrait UIInterfaceOrientationLandscapeLeft UIInterfaceOrientationLandscapeRight";
				IPHONEOS_DEPLOYMENT_TARGET = 16.0;
				LD_RUNPATH_SEARCH_PATHS = (
					"$(inherited)",
					"@executable_path/Frameworks",
				);
				MARKETING_VERSION = 1.0;
				PRODUCT_BUNDLE_IDENTIFIER = com.azinavi.TMSHw1;
				PRODUCT_NAME = "$(TARGET_NAME)";
				SWIFT_EMIT_LOC_STRINGS = YES;
				SWIFT_VERSION = 5.0;
				TARGETED_DEVICE_FAMILY = "1,2";
			};
			name = Debug;
		};
		AD29579E2B0F0F8200AAF3AF /* Release */ = {
			isa = XCBuildConfiguration;
			buildSettings = {
				ASSETCATALOG_COMPILER_APPICON_NAME = AppIcon;
				ASSETCATALOG_COMPILER_GLOBAL_ACCENT_COLOR_NAME = AccentColor;
				CODE_SIGN_STYLE = Automatic;
				CURRENT_PROJECT_VERSION = 1;
				GENERATE_INFOPLIST_FILE = YES;
				INFOPLIST_FILE = "Main Folder/Info.plist";
				INFOPLIST_KEY_UIApplicationSupportsIndirectInputEvents = YES;
				INFOPLIST_KEY_UILaunchStoryboardName = LaunchScreen;
				INFOPLIST_KEY_UIMainStoryboardFile = Main;
				INFOPLIST_KEY_UISupportedInterfaceOrientations_iPad = "UIInterfaceOrientationPortrait UIInterfaceOrientationPortraitUpsideDown UIInterfaceOrientationLandscapeLeft UIInterfaceOrientationLandscapeRight";
				INFOPLIST_KEY_UISupportedInterfaceOrientations_iPhone = "UIInterfaceOrientationPortrait UIInterfaceOrientationLandscapeLeft UIInterfaceOrientationLandscapeRight";
				IPHONEOS_DEPLOYMENT_TARGET = 16.0;
				LD_RUNPATH_SEARCH_PATHS = (
					"$(inherited)",
					"@executable_path/Frameworks",
				);
				MARKETING_VERSION = 1.0;
				PRODUCT_BUNDLE_IDENTIFIER = com.azinavi.TMSHw1;
				PRODUCT_NAME = "$(TARGET_NAME)";
				SWIFT_EMIT_LOC_STRINGS = YES;
				SWIFT_VERSION = 5.0;
				TARGETED_DEVICE_FAMILY = "1,2";
			};
			name = Release;
		};
/* End XCBuildConfiguration section */

/* Begin XCConfigurationList section */
		AD2957832B0F0F8100AAF3AF /* Build configuration list for PBXProject "TMS-IOS-Homeworks" */ = {
			isa = XCConfigurationList;
			buildConfigurations = (
				AD29579A2B0F0F8200AAF3AF /* Debug */,
				AD29579B2B0F0F8200AAF3AF /* Release */,
			);
			defaultConfigurationIsVisible = 0;
			defaultConfigurationName = Release;
		};
		AD29579C2B0F0F8200AAF3AF /* Build configuration list for PBXNativeTarget "TMS_IOS_hw1" */ = {
			isa = XCConfigurationList;
			buildConfigurations = (
				AD29579D2B0F0F8200AAF3AF /* Debug */,
				AD29579E2B0F0F8200AAF3AF /* Release */,
			);
			defaultConfigurationIsVisible = 0;
			defaultConfigurationName = Release;
		};
/* End XCConfigurationList section */
	};
	rootObject = AD2957802B0F0F8100AAF3AF /* Project object */;
}
